
Microsoft Visual Studio Solution File, Format Version 12.00
# Visual Studio 2012
Project("{FAE04EC0-301F-11D3-BF4B-00C04F79EFBC}") = "OrderProcessor", "ProvaMassTransit\OrderProcessor.csproj", "{4BD28A02-0DEB-4EFE-A84E-6AC5FB7DDB56}"
EndProject
Project("{FAE04EC0-301F-11D3-BF4B-00C04F79EFBC}") = "Messages", "Messages\Messages.csproj", "{F94123C7-92A1-458E-80E3-DD5A8C434AFE}"
EndProject
Project("{FAE04EC0-301F-11D3-BF4B-00C04F79EFBC}") = "Responder", "Responder\Responder.csproj", "{1EB6321A-A3EE-42E5-A71F-F3ED1FEDD086}"
EndProject
Project("{FAE04EC0-301F-11D3-BF4B-00C04F79EFBC}") = "Request", "Request\Request.csproj", "{73D245E4-CCAA-4554-84B7-C401BBCE7C89}"
EndProject
Project("{FAE04EC0-301F-11D3-BF4B-00C04F79EFBC}") = "Response", "Response\Response.csproj", "{A78C38C6-5FEA-4666-88C5-23CA2644355F}"
EndProject
Project("{FAE04EC0-301F-11D3-BF4B-00C04F79EFBC}") = "RequestResponse", "RequestResponse\RequestResponse.csproj", "{B0AE2247-8AB8-489F-A46E-5FC0F7C98122}"
EndProject
Global
	GlobalSection(SolutionConfigurationPlatforms) = preSolution
		Debug|Any CPU = Debug|Any CPU
		Debug|Mixed Platforms = Debug|Mixed Platforms
		Debug|x86 = Debug|x86
		Full|Any CPU = Full|Any CPU
		Full|Mixed Platforms = Full|Mixed Platforms
		Full|x86 = Full|x86
		NuPackRelease|Any CPU = NuPackRelease|Any CPU
		NuPackRelease|Mixed Platforms = NuPackRelease|Mixed Platforms
		NuPackRelease|x86 = NuPackRelease|x86
		Release|Any CPU = Release|Any CPU
		Release|Mixed Platforms = Release|Mixed Platforms
		Release|x86 = Release|x86
	EndGlobalSection
	GlobalSection(ProjectConfigurationPlatforms) = postSolution
		{4BD28A02-0DEB-4EFE-A84E-6AC5FB7DDB56}.Debug|Any CPU.ActiveCfg = Debug|x86
		{4BD28A02-0DEB-4EFE-A84E-6AC5FB7DDB56}.Debug|Mixed Platforms.ActiveCfg = Debug|x86
		{4BD28A02-0DEB-4EFE-A84E-6AC5FB7DDB56}.Debug|Mixed Platforms.Build.0 = Debug|x86
		{4BD28A02-0DEB-4EFE-A84E-6AC5FB7DDB56}.Debug|x86.ActiveCfg = Debug|x86
		{4BD28A02-0DEB-4EFE-A84E-6AC5FB7DDB56}.Debug|x86.Build.0 = Debug|x86
		{4BD28A02-0DEB-4EFE-A84E-6AC5FB7DDB56}.Full|Any CPU.ActiveCfg = Release|x86
		{4BD28A02-0DEB-4EFE-A84E-6AC5FB7DDB56}.Full|Mixed Platforms.ActiveCfg = Release|x86
		{4BD28A02-0DEB-4EFE-A84E-6AC5FB7DDB56}.Full|Mixed Platforms.Build.0 = Release|x86
		{4BD28A02-0DEB-4EFE-A84E-6AC5FB7DDB56}.Full|x86.ActiveCfg = Release|x86
		{4BD28A02-0DEB-4EFE-A84E-6AC5FB7DDB56}.Full|x86.Build.0 = Release|x86
		{4BD28A02-0DEB-4EFE-A84E-6AC5FB7DDB56}.NuPackRelease|Any CPU.ActiveCfg = Release|x86
		{4BD28A02-0DEB-4EFE-A84E-6AC5FB7DDB56}.NuPackRelease|Mixed Platforms.ActiveCfg = Release|x86
		{4BD28A02-0DEB-4EFE-A84E-6AC5FB7DDB56}.NuPackRelease|Mixed Platforms.Build.0 = Release|x86
		{4BD28A02-0DEB-4EFE-A84E-6AC5FB7DDB56}.NuPackRelease|x86.ActiveCfg = Release|x86
		{4BD28A02-0DEB-4EFE-A84E-6AC5FB7DDB56}.NuPackRelease|x86.Build.0 = Release|x86
		{4BD28A02-0DEB-4EFE-A84E-6AC5FB7DDB56}.Release|Any CPU.ActiveCfg = Release|x86
		{4BD28A02-0DEB-4EFE-A84E-6AC5FB7DDB56}.Release|Mixed Platforms.ActiveCfg = Release|x86
		{4BD28A02-0DEB-4EFE-A84E-6AC5FB7DDB56}.Release|Mixed Platforms.Build.0 = Release|x86
		{4BD28A02-0DEB-4EFE-A84E-6AC5FB7DDB56}.Release|x86.ActiveCfg = Release|x86
		{4BD28A02-0DEB-4EFE-A84E-6AC5FB7DDB56}.Release|x86.Build.0 = Release|x86
		{F94123C7-92A1-458E-80E3-DD5A8C434AFE}.Debug|Any CPU.ActiveCfg = Debug|Any CPU
		{F94123C7-92A1-458E-80E3-DD5A8C434AFE}.Debug|Any CPU.Build.0 = Debug|Any CPU
		{F94123C7-92A1-458E-80E3-DD5A8C434AFE}.Debug|Mixed Platforms.ActiveCfg = Debug|Any CPU
		{F94123C7-92A1-458E-80E3-DD5A8C434AFE}.Debug|Mixed Platforms.Build.0 = Debug|Any CPU
		{F94123C7-92A1-458E-80E3-DD5A8C434AFE}.Debug|x86.ActiveCfg = Debug|Any CPU
		{F94123C7-92A1-458E-80E3-DD5A8C434AFE}.Full|Any CPU.ActiveCfg = Release|Any CPU
		{F94123C7-92A1-458E-80E3-DD5A8C434AFE}.Full|Any CPU.Build.0 = Release|Any CPU
		{F94123C7-92A1-458E-80E3-DD5A8C434AFE}.Full|Mixed Platforms.ActiveCfg = Release|Any CPU
		{F94123C7-92A1-458E-80E3-DD5A8C434AFE}.Full|Mixed Platforms.Build.0 = Release|Any CPU
		{F94123C7-92A1-458E-80E3-DD5A8C434AFE}.Full|x86.ActiveCfg = Release|Any CPU
		{F94123C7-92A1-458E-80E3-DD5A8C434AFE}.NuPackRelease|Any CPU.ActiveCfg = Release|Any CPU
		{F94123C7-92A1-458E-80E3-DD5A8C434AFE}.NuPackRelease|Any CPU.Build.0 = Release|Any CPU
		{F94123C7-92A1-458E-80E3-DD5A8C434AFE}.NuPackRelease|Mixed Platforms.ActiveCfg = Release|Any CPU
		{F94123C7-92A1-458E-80E3-DD5A8C434AFE}.NuPackRelease|Mixed Platforms.Build.0 = Release|Any CPU
		{F94123C7-92A1-458E-80E3-DD5A8C434AFE}.NuPackRelease|x86.ActiveCfg = Release|Any CPU
		{F94123C7-92A1-458E-80E3-DD5A8C434AFE}.Release|Any CPU.ActiveCfg = Release|Any CPU
		{F94123C7-92A1-458E-80E3-DD5A8C434AFE}.Release|Any CPU.Build.0 = Release|Any CPU
		{F94123C7-92A1-458E-80E3-DD5A8C434AFE}.Release|Mixed Platforms.ActiveCfg = Release|Any CPU
		{F94123C7-92A1-458E-80E3-DD5A8C434AFE}.Release|Mixed Platforms.Build.0 = Release|Any CPU
		{F94123C7-92A1-458E-80E3-DD5A8C434AFE}.Release|x86.ActiveCfg = Release|Any CPU
		{1EB6321A-A3EE-42E5-A71F-F3ED1FEDD086}.Debug|Any CPU.ActiveCfg = Debug|x86
		{1EB6321A-A3EE-42E5-A71F-F3ED1FEDD086}.Debug|Mixed Platforms.ActiveCfg = Debug|x86
		{1EB6321A-A3EE-42E5-A71F-F3ED1FEDD086}.Debug|Mixed Platforms.Build.0 = Debug|x86
		{1EB6321A-A3EE-42E5-A71F-F3ED1FEDD086}.Debug|x86.ActiveCfg = Debug|x86
		{1EB6321A-A3EE-42E5-A71F-F3ED1FEDD086}.Debug|x86.Build.0 = Debug|x86
		{1EB6321A-A3EE-42E5-A71F-F3ED1FEDD086}.Full|Any CPU.ActiveCfg = Release|x86
		{1EB6321A-A3EE-42E5-A71F-F3ED1FEDD086}.Full|Mixed Platforms.ActiveCfg = Release|x86
		{1EB6321A-A3EE-42E5-A71F-F3ED1FEDD086}.Full|Mixed Platforms.Build.0 = Release|x86
		{1EB6321A-A3EE-42E5-A71F-F3ED1FEDD086}.Full|x86.ActiveCfg = Release|x86
		{1EB6321A-A3EE-42E5-A71F-F3ED1FEDD086}.Full|x86.Build.0 = Release|x86
		{1EB6321A-A3EE-42E5-A71F-F3ED1FEDD086}.NuPackRelease|Any CPU.ActiveCfg = Release|x86
		{1EB6321A-A3EE-42E5-A71F-F3ED1FEDD086}.NuPackRelease|Mixed Platforms.ActiveCfg = Release|x86
		{1EB6321A-A3EE-42E5-A71F-F3ED1FEDD086}.NuPackRelease|Mixed Platforms.Build.0 = Release|x86
		{1EB6321A-A3EE-42E5-A71F-F3ED1FEDD086}.NuPackRelease|x86.ActiveCfg = Release|x86
		{1EB6321A-A3EE-42E5-A71F-F3ED1FEDD086}.NuPackRelease|x86.Build.0 = Release|x86
		{1EB6321A-A3EE-42E5-A71F-F3ED1FEDD086}.Release|Any CPU.ActiveCfg = Release|x86
		{1EB6321A-A3EE-42E5-A71F-F3ED1FEDD086}.Release|Mixed Platforms.ActiveCfg = Release|x86
		{1EB6321A-A3EE-42E5-A71F-F3ED1FEDD086}.Release|Mixed Platforms.Build.0 = Release|x86
		{1EB6321A-A3EE-42E5-A71F-F3ED1FEDD086}.Release|x86.ActiveCfg = Release|x86
		{1EB6321A-A3EE-42E5-A71F-F3ED1FEDD086}.Release|x86.Build.0 = Release|x86
		{73D245E4-CCAA-4554-84B7-C401BBCE7C89}.Debug|Any CPU.ActiveCfg = Debug|Any CPU
		{73D245E4-CCAA-4554-84B7-C401BBCE7C89}.Debug|Any CPU.Build.0 = Debug|Any CPU
		{73D245E4-CCAA-4554-84B7-C401BBCE7C89}.Debug|Mixed Platforms.ActiveCfg = Debug|Any CPU
		{73D245E4-CCAA-4554-84B7-C401BBCE7C89}.Debug|Mixed Platforms.Build.0 = Debug|Any CPU
		{73D245E4-CCAA-4554-84B7-C401BBCE7C89}.Debug|x86.ActiveCfg = Debug|Any CPU
		{73D245E4-CCAA-4554-84B7-C401BBCE7C89}.Full|Any CPU.ActiveCfg = Release|Any CPU
		{73D245E4-CCAA-4554-84B7-C401BBCE7C89}.Full|Any CPU.Build.0 = Release|Any CPU
		{73D245E4-CCAA-4554-84B7-C401BBCE7C89}.Full|Mixed Platforms.ActiveCfg = Release|Any CPU
		{73D245E4-CCAA-4554-84B7-C401BBCE7C89}.Full|Mixed Platforms.Build.0 = Release|Any CPU
		{73D245E4-CCAA-4554-84B7-C401BBCE7C89}.Full|x86.ActiveCfg = Release|Any CPU
		{73D245E4-CCAA-4554-84B7-C401BBCE7C89}.NuPackRelease|Any CPU.ActiveCfg = Release|Any CPU
		{73D245E4-CCAA-4554-84B7-C401BBCE7C89}.NuPackRelease|Any CPU.Build.0 = Release|Any CPU
		{73D245E4-CCAA-4554-84B7-C401BBCE7C89}.NuPackRelease|Mixed Platforms.ActiveCfg = Release|Any CPU
		{73D245E4-CCAA-4554-84B7-C401BBCE7C89}.NuPackRelease|Mixed Platforms.Build.0 = Release|Any CPU
		{73D245E4-CCAA-4554-84B7-C401BBCE7C89}.NuPackRelease|x86.ActiveCfg = Release|Any CPU
		{73D245E4-CCAA-4554-84B7-C401BBCE7C89}.Release|Any CPU.ActiveCfg = Release|Any CPU
		{73D245E4-CCAA-4554-84B7-C401BBCE7C89}.Release|Any CPU.Build.0 = Release|Any CPU
		{73D245E4-CCAA-4554-84B7-C401BBCE7C89}.Release|Mixed Platforms.ActiveCfg = Release|Any CPU
		{73D245E4-CCAA-4554-84B7-C401BBCE7C89}.Release|Mixed Platforms.Build.0 = Release|Any CPU
		{73D245E4-CCAA-4554-84B7-C401BBCE7C89}.Release|x86.ActiveCfg = Release|Any CPU
		{A78C38C6-5FEA-4666-88C5-23CA2644355F}.Debug|Any CPU.ActiveCfg = Debug|Any CPU
		{A78C38C6-5FEA-4666-88C5-23CA2644355F}.Debug|Any CPU.Build.0 = Debug|Any CPU
		{A78C38C6-5FEA-4666-88C5-23CA2644355F}.Debug|Mixed Platforms.ActiveCfg = Debug|Any CPU
		{A78C38C6-5FEA-4666-88C5-23CA2644355F}.Debug|Mixed Platforms.Build.0 = Debug|Any CPU
		{A78C38C6-5FEA-4666-88C5-23CA2644355F}.Debug|x86.ActiveCfg = Debug|Any CPU
		{A78C38C6-5FEA-4666-88C5-23CA2644355F}.Full|Any CPU.ActiveCfg = Release|Any CPU
		{A78C38C6-5FEA-4666-88C5-23CA2644355F}.Full|Any CPU.Build.0 = Release|Any CPU
		{A78C38C6-5FEA-4666-88C5-23CA2644355F}.Full|Mixed Platforms.ActiveCfg = Release|Any CPU
		{A78C38C6-5FEA-4666-88C5-23CA2644355F}.Full|Mixed Platforms.Build.0 = Release|Any CPU
		{A78C38C6-5FEA-4666-88C5-23CA2644355F}.Full|x86.ActiveCfg = Release|Any CPU
		{A78C38C6-5FEA-4666-88C5-23CA2644355F}.NuPackRelease|Any CPU.ActiveCfg = Release|Any CPU
		{A78C38C6-5FEA-4666-88C5-23CA2644355F}.NuPackRelease|Any CPU.Build.0 = Release|Any CPU
		{A78C38C6-5FEA-4666-88C5-23CA2644355F}.NuPackRelease|Mixed Platforms.ActiveCfg = Release|Any CPU
		{A78C38C6-5FEA-4666-88C5-23CA2644355F}.NuPackRelease|Mixed Platforms.Build.0 = Release|Any CPU
		{A78C38C6-5FEA-4666-88C5-23CA2644355F}.NuPackRelease|x86.ActiveCfg = Release|Any CPU
		{A78C38C6-5FEA-4666-88C5-23CA2644355F}.Release|Any CPU.ActiveCfg = Release|Any CPU
		{A78C38C6-5FEA-4666-88C5-23CA2644355F}.Release|Any CPU.Build.0 = Release|Any CPU
		{A78C38C6-5FEA-4666-88C5-23CA2644355F}.Release|Mixed Platforms.ActiveCfg = Release|Any CPU
		{A78C38C6-5FEA-4666-88C5-23CA2644355F}.Release|Mixed Platforms.Build.0 = Release|Any CPU
		{A78C38C6-5FEA-4666-88C5-23CA2644355F}.Release|x86.ActiveCfg = Release|Any CPU
		{B0AE2247-8AB8-489F-A46E-5FC0F7C98122}.Debug|Any CPU.ActiveCfg = Debug|Any CPU
		{B0AE2247-8AB8-489F-A46E-5FC0F7C98122}.Debug|Any CPU.Build.0 = Debug|Any CPU
		{B0AE2247-8AB8-489F-A46E-5FC0F7C98122}.Debug|Mixed Platforms.ActiveCfg = Debug|Any CPU
		{B0AE2247-8AB8-489F-A46E-5FC0F7C98122}.Debug|Mixed Platforms.Build.0 = Debug|Any CPU
		{B0AE2247-8AB8-489F-A46E-5FC0F7C98122}.Debug|x86.ActiveCfg = Debug|Any CPU
		{B0AE2247-8AB8-489F-A46E-5FC0F7C98122}.Full|Any CPU.ActiveCfg = Release|Any CPU
		{B0AE2247-8AB8-489F-A46E-5FC0F7C98122}.Full|Any CPU.Build.0 = Release|Any CPU
		{B0AE2247-8AB8-489F-A46E-5FC0F7C98122}.Full|Mixed Platforms.ActiveCfg = Release|Any CPU
		{B0AE2247-8AB8-489F-A46E-5FC0F7C98122}.Full|Mixed Platforms.Build.0 = Release|Any CPU
		{B0AE2247-8AB8-489F-A46E-5FC0F7C98122}.Full|x86.ActiveCfg = Release|Any CPU
		{B0AE2247-8AB8-489F-A46E-5FC0F7C98122}.NuPackRelease|Any CPU.ActiveCfg = Release|Any CPU
		{B0AE2247-8AB8-489F-A46E-5FC0F7C98122}.NuPackRelease|Any CPU.Build.0 = Release|Any CPU
		{B0AE2247-8AB8-489F-A46E-5FC0F7C98122}.NuPackRelease|Mixed Platforms.ActiveCfg = Release|Any CPU
		{B0AE2247-8AB8-489F-A46E-5FC0F7C98122}.NuPackRelease|Mixed Platforms.Build.0 = Release|Any CPU
		{B0AE2247-8AB8-489F-A46E-5FC0F7C98122}.NuPackRelease|x86.ActiveCfg = Release|Any CPU
		{B0AE2247-8AB8-489F-A46E-5FC0F7C98122}.Release|Any CPU.ActiveCfg = Release|Any CPU
		{B0AE2247-8AB8-489F-A46E-5FC0F7C98122}.Release|Any CPU.Build.0 = Release|Any CPU
		{B0AE2247-8AB8-489F-A46E-5FC0F7C98122}.Release|Mixed Platforms.ActiveCfg = Release|Any CPU
		{B0AE2247-8AB8-489F-A46E-5FC0F7C98122}.Release|Mixed Platforms.Build.0 = Release|Any CPU
		{B0AE2247-8AB8-489F-A46E-5FC0F7C98122}.Release|x86.ActiveCfg = Release|Any CPU
	EndGlobalSection
	GlobalSection(SolutionProperties) = preSolution
		HideSolutionNode = FALSE
	EndGlobalSection
	GlobalSection(ExtensibilityGlobals) = postSolution
		EnterpriseLibraryConfigurationToolBinariesPath = packages\Unity.2.1.505.0\lib\NET35;packages\Unity.2.1.505.2\lib\NET35
	EndGlobalSection
EndGlobal
